// !$*UTF8*$!
{
	archiveVersion = 1;
	classes = {
	};
	objectVersion = 46;
	objects = {

/* Begin PBXBuildFile section */
		1A7097E11DCA023A007CEAFE /* AppDelegate.swift in Sources */ = {isa = PBXBuildFile; fileRef = 1A7097E01DCA023A007CEAFE /* AppDelegate.swift */; };
		1A7097E31DCA023A007CEAFE /* ViewController.swift in Sources */ = {isa = PBXBuildFile; fileRef = 1A7097E21DCA023A007CEAFE /* ViewController.swift */; };
		1A7097E61DCA023A007CEAFE /* Main.storyboard in Resources */ = {isa = PBXBuildFile; fileRef = 1A7097E41DCA023A007CEAFE /* Main.storyboard */; };
		1A7097E81DCA023A007CEAFE /* Assets.xcassets in Resources */ = {isa = PBXBuildFile; fileRef = 1A7097E71DCA023A007CEAFE /* Assets.xcassets */; };
		1A7097EB1DCA023A007CEAFE /* LaunchScreen.storyboard in Resources */ = {isa = PBXBuildFile; fileRef = 1A7097E91DCA023A007CEAFE /* LaunchScreen.storyboard */; };
/* End PBXBuildFile section */

/* Begin PBXFileReference section */
		1A7097DD1DCA023A007CEAFE /* studentname-pset1.app */ = {isa = PBXFileReference; explicitFileType = wrapper.application; includeInIndex = 0; path = "studentname-pset1.app"; sourceTree = BUILT_PRODUCTS_DIR; };
		1A7097E01DCA023A007CEAFE /* AppDelegate.swift */ = {isa = PBXFileReference; lastKnownFileType = sourcecode.swift; path = AppDelegate.swift; sourceTree = "<group>"; };
		1A7097E21DCA023A007CEAFE /* ViewController.swift */ = {isa = PBXFileReference; lastKnownFileType = sourcecode.swift; path = ViewController.swift; sourceTree = "<group>"; };
		1A7097E51DCA023A007CEAFE /* Base */ = {isa = PBXFileReference; lastKnownFileType = file.storyboard; name = Base; path = Base.lproj/Main.storyboard; sourceTree = "<group>"; };
		1A7097E71DCA023A007CEAFE /* Assets.xcassets */ = {isa = PBXFileReference; lastKnownFileType = folder.assetcatalog; path = Assets.xcassets; sourceTree = "<group>"; };
		1A7097EA1DCA023A007CEAFE /* Base */ = {isa = PBXFileReference; lastKnownFileType = file.storyboard; name = Base; path = Base.lproj/LaunchScreen.storyboard; sourceTree = "<group>"; };
		1A7097EC1DCA023A007CEAFE /* Info.plist */ = {isa = PBXFileReference; lastKnownFileType = text.plist.xml; path = Info.plist; sourceTree = "<group>"; };
/* End PBXFileReference section */

/* Begin PBXFrameworksBuildPhase section */
		1A7097DA1DCA0239007CEAFE /* Frameworks */ = {
			isa = PBXFrameworksBuildPhase;
			buildActionMask = 2147483647;
			files = (
			);
			runOnlyForDeploymentPostprocessing = 0;
		};
/* End PBXFrameworksBuildPhase section */

/* Begin PBXGroup section */
		1A7097D41DCA0239007CEAFE = {
			isa = PBXGroup;
			children = (
				1A7097DF1DCA023A007CEAFE /* studentname-pset1 */,
				1A7097DE1DCA023A007CEAFE /* Products */,
			);
			sourceTree = "<group>";
		};
		1A7097DE1DCA023A007CEAFE /* Products */ = {
			isa = PBXGroup;
			children = (
				1A7097DD1DCA023A007CEAFE /* studentname-pset1.app */,
			);
			name = Products;
			sourceTree = "<group>";
		};
		1A7097DF1DCA023A007CEAFE /* studentname-pset1 */ = {
			isa = PBXGroup;
			children = (
				1A7097E01DCA023A007CEAFE /* AppDelegate.swift */,
				1A7097E21DCA023A007CEAFE /* ViewController.swift */,
				1A7097E41DCA023A007CEAFE /* Main.storyboard */,
				1A7097E71DCA023A007CEAFE /* Assets.xcassets */,
				1A7097E91DCA023A007CEAFE /* LaunchScreen.storyboard */,
				1A7097EC1DCA023A007CEAFE /* Info.plist */,
			);
			path = "studentname-pset1";
			sourceTree = "<group>";
		};
/* End PBXGroup section */

/* Begin PBXNativeTarget section */
		1A7097DC1DCA0239007CEAFE /* studentname-pset1 */ = {
			isa = PBXNativeTarget;
			buildConfigurationList = 1A7097EF1DCA023A007CEAFE /* Build configuration list for PBXNativeTarget "studentname-pset1" */;
			buildPhases = (
				1A7097D91DCA0239007CEAFE /* Sources */,
				1A7097DA1DCA0239007CEAFE /* Frameworks */,
				1A7097DB1DCA0239007CEAFE /* Resources */,
			);
			buildRules = (
			);
			dependencies = (
			);
			name = "studentname-pset1";
			productName = "studentname-pset1";
			productReference = 1A7097DD1DCA023A007CEAFE /* studentname-pset1.app */;
			productType = "com.apple.product-type.application";
		};
/* End PBXNativeTarget section */

/* Begin PBXProject section */
		1A7097D51DCA0239007CEAFE /* Project object */ = {
			isa = PBXProject;
			attributes = {
				LastSwiftUpdateCheck = 0810;
				LastUpgradeCheck = 0810;
				ORGANIZATIONNAME = "Barbara Boeters";
				TargetAttributes = {
					1A7097DC1DCA0239007CEAFE = {
						CreatedOnToolsVersion = 8.1;
						ProvisioningStyle = Automatic;
					};
				};
			};
			buildConfigurationList = 1A7097D81DCA0239007CEAFE /* Build configuration list for PBXProject "studentname-pset1" */;
			compatibilityVersion = "Xcode 3.2";
			developmentRegion = English;
			hasScannedForEncodings = 0;
			knownRegions = (
				en,
				Base,
			);
			mainGroup = 1A7097D41DCA0239007CEAFE;
			productRefGroup = 1A7097DE1DCA023A007CEAFE /* Products */;
			projectDirPath = "";
			projectRoot = "";
			targets = (
				1A7097DC1DCA0239007CEAFE /* studentname-pset1 */,
			);
		};
/* End PBXProject section */

/* Begin PBXResourcesBuildPhase section */
		1A7097DB1DCA0239007CEAFE /* Resources */ = {
			isa = PBXResourcesBuildPhase;
			buildActionMask = 2147483647;
			files = (
				1A7097EB1DCA023A007CEAFE /* LaunchScreen.storyboard in Resources */,
				1A7097E81DCA023A007CEAFE /* Assets.xcassets in Resources */,
				1A7097E61DCA023A007CEAFE /* Main.storyboard in Resources */,
			);
			runOnlyForDeploymentPostprocessing = 0;
		};
/* End PBXResourcesBuildPhase section */

/* Begin PBXSourcesBuildPhase section */
		1A7097D91DCA0239007CEAFE /* Sources */ = {
			isa = PBXSourcesBuildPhase;
			buildActionMask = 2147483647;
			files = (
				1A7097E31DCA023A007CEAFE /* ViewController.swift in Sources */,
				1A7097E11DCA023A007CEAFE /* AppDelegate.swift in Sources */,
			);
			runOnlyForDeploymentPostprocessing = 0;
		};
/* End PBXSourcesBuildPhase section */

/* Begin PBXVariantGroup section */
		1A7097E41DCA023A007CEAFE /* Main.storyboard */ = {
			isa = PBXVariantGroup;
			children = (
				1A7097E51DCA023A007CEAFE /* Base */,
			);
			name = Main.storyboard;
			sourceTree = "<group>";
		};
		1A7097E91DCA023A007CEAFE /* LaunchScreen.storyboard */ = {
			isa = PBXVariantGroup;
			children = (
				1A7097EA1DCA023A007CEAFE /* Base */,
			);
			name = LaunchScreen.storyboard;
			sourceTree = "<group>";
		};
/* End PBXVariantGroup section */

/* Begin XCBuildConfiguration section */
		1A7097ED1DCA023A007CEAFE /* Debug */ = {
			isa = XCBuildConfiguration;
			buildSettings = {
				ALWAYS_SEARCH_USER_PATHS = NO;
				CLANG_ANALYZER_NONNULL = YES;
				CLANG_CXX_LANGUAGE_STANDARD = "gnu++0x";
				CLANG_CXX_LIBRARY = "libc++";
				CLANG_ENABLE_MODULES = YES;
				CLANG_ENABLE_OBJC_ARC = YES;
				CLANG_WARN_BOOL_CONVERSION = YES;
				CLANG_WARN_CONSTANT_CONVERSION = YES;
				CLANG_WARN_DIRECT_OBJC_ISA_USAGE = YES_ERROR;
				CLANG_WARN_DOCUMENTATION_COMMENTS = YES;
				CLANG_WARN_EMPTY_BODY = YES;
				CLANG_WARN_ENUM_CONVERSION = YES;
				CLANG_WARN_INFINITE_RECURSION = YES;
				CLANG_WARN_INT_CONVERSION = YES;
				CLANG_WARN_OBJC_ROOT_CLASS = YES_ERROR;
				CLANG_WARN_SUSPICIOUS_MOVES = YES;
				CLANG_WARN_UNREACHABLE_CODE = YES;
				CLANG_WARN__DUPLICATE_METHOD_MATCH = YES;
				"CODE_SIGN_IDENTITY[sdk=iphoneos*]" = "iPhone Developer";
				COPY_PHASE_STRIP = NO;
				DEBUG_INFORMATION_FORMAT = dwarf;
				ENABLE_STRICT_OBJC_MSGSEND = YES;
				ENABLE_TESTABILITY = YES;
				GCC_C_LANGUAGE_STANDARD = gnu99;
				GCC_DYNAMIC_NO_PIC = NO;
				GCC_NO_COMMON_BLOCKS = YES;
				GCC_OPTIMIZATION_LEVEL = 0;
				GCC_PREPROCESSOR_DEFINITIONS = (
					"DEBUG=1",
					"$(inherited)",
				);
				GCC_WARN_64_TO_32_BIT_CONVERSION = YES;
				GCC_WARN_ABOUT_RETURN_TYPE = YES_ERROR;
				GCC_WARN_UNDECLARED_SELECTOR = YES;
				GCC_WARN_UNINITIALIZED_AUTOS = YES_AGGRESSIVE;
				GCC_WARN_UNUSED_FUNCTION = YES;
				GCC_WARN_UNUSED_VARIABLE = YES;
				IPHONEOS_DEPLOYMENT_TARGET = 10.1;
				MTL_ENABLE_DEBUG_INFO = YES;
				ONLY_ACTIVE_ARCH = YES;
				SDKROOT = iphoneos;
				SWIFT_ACTIVE_COMPILATION_CONDITIONS = DEBUG;
				SWIFT_OPTIMIZATION_LEVEL = "-Onone";
				TARGETED_DEVICE_FAMILY = "1,2";
			};
			name = Debug;
		};
		1A7097EE1DCA023A007CEAFE /* Release */ = {
			isa = XCBuildConfiguration;
			buildSettings = {
				ALWAYS_SEARCH_USER_PATHS = NO;
				CLANG_ANALYZER_NONNULL = YES;
				CLANG_CXX_LANGUAGE_STANDARD = "gnu++0x";
				CLANG_CXX_LIBRARY = "libc++";
				CLANG_ENABLE_MODULES = YES;
				CLANG_ENABLE_OBJC_ARC = YES;
				CLANG_WARN_BOOL_CONVERSION = YES;
				CLANG_WARN_CONSTANT_CONVERSION = YES;
				CLANG_WARN_DIRECT_OBJC_ISA_USAGE = YES_ERROR;
				CLANG_WARN_DOCUMENTATION_COMMENTS = YES;
				CLANG_WARN_EMPTY_BODY = YES;
				CLANG_WARN_ENUM_CONVERSION = YES;
				CLANG_WARN_INFINITE_RECURSION = YES;
				CLANG_WARN_INT_CONVERSION = YES;
				CLANG_WARN_OBJC_ROOT_CLASS = YES_ERROR;
				CLANG_WARN_SUSPICIOUS_MOVES = YES;
				CLANG_WARN_UNREACHABLE_CODE = YES;
				CLANG_WARN__DUPLICATE_METHOD_MATCH = YES;
				"CODE_SIGN_IDENTITY[sdk=iphoneos*]" = "iPhone Developer";
				COPY_PHASE_STRIP = NO;
				DEBUG_INFORMATION_FORMAT = "dwarf-with-dsym";
				ENABLE_NS_ASSERTIONS = NO;
				ENABLE_STRICT_OBJC_MSGSEND = YES;
				GCC_C_LANGUAGE_STANDARD = gnu99;
				GCC_NO_COMMON_BLOCKS = YES;
				GCC_WARN_64_TO_32_BIT_CONVERSION = YES;
				GCC_WARN_ABOUT_RETURN_TYPE = YES_ERROR;
				GCC_WARN_UNDECLARED_SELECTOR = YES;
				GCC_WARN_UNINITIALIZED_AUTOS = YES_AGGRESSIVE;
				GCC_WARN_UNUSED_FUNCTION = YES;
				GCC_WARN_UNUSED_VARIABLE = YES;
				IPHONEOS_DEPLOYMENT_TARGET = 10.1;
				MTL_ENABLE_DEBUG_INFO = NO;
				SDKROOT = iphoneos;
				SWIFT_OPTIMIZATION_LEVEL = "-Owholemodule";
				TARGETED_DEVICE_FAMILY = "1,2";
				VALIDATE_PRODUCT = YES;
			};
			name = Release;
		};
		1A7097F01DCA023A007CEAFE /* Debug */ = {
			isa = XCBuildConfiguration;
			buildSettings = {
				ASSETCATALOG_COMPILER_APPICON_NAME = AppIcon;
				INFOPLIST_FILE = "studentname-pset1/Info.plist";
				LD_RUNPATH_SEARCH_PATHS = "$(inherited) @executable_path/Frameworks";
				PRODUCT_BUNDLE_IDENTIFIER = "nl.mprog.studentname-pset1";
				PRODUCT_NAME = "$(TARGET_NAME)";
				SWIFT_VERSION = 3.0;
			};
			name = Debug;
		};
		1A7097F11DCA023A007CEAFE /* Release */ = {
			isa = XCBuildConfiguration;
			buildSettings = {
				ASSETCATALOG_COMPILER_APPICON_NAME = AppIcon;
				INFOPLIST_FILE = "studentname-pset1/Info.plist";
				LD_RUNPATH_SEARCH_PATHS = "$(inherited) @executable_path/Frameworks";
				PRODUCT_BUNDLE_IDENTIFIER = "nl.mprog.studentname-pset1";
				PRODUCT_NAME = "$(TARGET_NAME)";
				SWIFT_VERSION = 3.0;
			};
			name = Release;
		};
/* End XCBuildConfiguration section */

/* Begin XCConfigurationList section */
		1A7097D81DCA0239007CEAFE /* Build configuration list for PBXProject "studentname-pset1" */ = {
			isa = XCConfigurationList;
			buildConfigurations = (
				1A7097ED1DCA023A007CEAFE /* Debug */,
				1A7097EE1DCA023A007CEAFE /* Release */,
			);
			defaultConfigurationIsVisible = 0;
			defaultConfigurationName = Release;
		};
		1A7097EF1DCA023A007CEAFE /* Build configuration list for PBXNativeTarget "studentname-pset1" */ = {
			isa = XCConfigurationList;
			buildConfigurations = (
				1A7097F01DCA023A007CEAFE /* Debug */,
				1A7097F11DCA023A007CEAFE /* Release */,
			);
			defaultConfigurationIsVisible = 0;
		};
/* End XCConfigurationList section */
	};
	rootObject = 1A7097D51DCA0239007CEAFE /* Project object */;
}
